{
  "nodes": {
    "advisory-db": {
      "flake": false,
      "locked": {
        "lastModified": 1735408444,
        "narHash": "sha256-Bcf7iBwrfjYPO7roKCz+3yPAFqgNqfKCp51sLKETjxU=",
        "owner": "rustsec",
        "repo": "advisory-db",
        "rev": "3c6d3186ab06737d1defd2b5ae556d0ecd161603",
        "type": "github"
      },
      "original": {
        "owner": "rustsec",
        "repo": "advisory-db",
        "type": "github"
      }
    },
    "crane": {
      "inputs": {
        "nixpkgs": [
          "nixpkgs"
        ]
      },
      "locked": {
        "lastModified": 1704300976,
        "narHash": "sha256-QLMpTrHxsND2T8+khAhLCqzOY/h2SzWS0s4Z7N2ds/E=",
        "owner": "ipetkov",
        "repo": "crane",
        "rev": "0efe36f9232e0961512572883ba9c995aa1f54b1",
        "type": "github"
      },
      "original": {
        "owner": "ipetkov",
        "repo": "crane",
        "type": "github"
      }
    },
    "flake-utils": {
      "inputs": {
        "systems": "systems"
      },
      "locked": {
        "lastModified": 1701680307,
        "narHash": "sha256-kAuep2h5ajznlPMD9rnQyffWG8EM/C73lejGofXvdM8=",
        "owner": "numtide",
        "repo": "flake-utils",
        "rev": "4022d587cbbfd70fe950c1e2083a02621806a725",
        "type": "github"
      },
      "original": {
        "owner": "numtide",
        "repo": "flake-utils",
        "type": "github"
      }
    },
    "nixpkgs": {
      "locked": {
        "lastModified": 1704665097,
        "narHash": "sha256-XiX86jy6G04FLnBY2HnOlYztpM+2wZ6WHTVGU2TiJrM=",
        "owner": "NixOS",
        "repo": "nixpkgs",
        "rev": "084ff5ef938e6a977bf5e261b50fe52f115ac092",
        "type": "github"
      },
      "original": {
        "owner": "NixOS",
        "repo": "nixpkgs",
        "type": "github"
      }
    },
    "root": {
      "inputs": {
        "advisory-db": "advisory-db",
        "crane": "crane",
        "flake-utils": "flake-utils",
        "nixpkgs": "nixpkgs",
        "rust-overlay": "rust-overlay"
      }
    },
    "rust-overlay": {
      "inputs": {
        "nixpkgs": [
          "nixpkgs"
        ]
      },
      "locked": {
        "lastModified": 1735612067,
        "narHash": "sha256-rsjojgfPUf9tWuMXuuo2KAIoUZ49XGZQJSjFGOO8Cq4=",
        "owner": "oxalica",
        "repo": "rust-overlay",
        "rev": "d199142e84bfaae476ffb4e09a70879d7918784d",
        "type": "github"
      },
      "original": {
        "owner": "oxalica",
        "repo": "rust-overlay",
        "type": "github"
      }
    },
    "systems": {
      "locked": {
        "lastModified": 1681028828,
        "narHash": "sha256-Vy1rq5AaRuLzOxct8nz4T6wlgyUR7zLU309k9mBC768=",
        "owner": "nix-systems",
        "repo": "default",
        "rev": "da67096a3b9bf56a91d16901293e51ba5b49a27e",
        "type": "github"
      },
      "original": {
        "owner": "nix-systems",
        "repo": "default",
        "type": "github"
      }
    }
  },
  "root": "root",
  "version": 7
}
